
Microsoft Visual Studio Solution File, Format Version 12.00
# Visual Studio 15
VisualStudioVersion = 15.0.27004.2002
MinimumVisualStudioVersion = 10.0.40219.1
Project("{FAE04EC0-301F-11D3-BF4B-00C04F79EFBC}") = "AVOAppAdminPanel", "AdminPanel\AVOAppAdminPanel.csproj", "{ABCB7C7E-4BD3-4B8B-9EEF-96AA19BF3143}"
EndProject
Project("{FAE04EC0-301F-11D3-BF4B-00C04F79EFBC}") = "AVOAppAdminPanel.DAL", "AdminPanel.DAL\AVOAppAdminPanel.DAL.csproj", "{6BFAD981-D17F-4577-A297-6A245268FBFA}"
EndProject
Global
	GlobalSection(SolutionConfigurationPlatforms) = preSolution
		Debug|Any CPU = Debug|Any CPU
		Release|Any CPU = Release|Any CPU
	EndGlobalSection
	GlobalSection(ProjectConfigurationPlatforms) = postSolution
		{ABCB7C7E-4BD3-4B8B-9EEF-96AA19BF3143}.Debug|Any CPU.ActiveCfg = Debug|Any CPU
		{ABCB7C7E-4BD3-4B8B-9EEF-96AA19BF3143}.Debug|Any CPU.Build.0 = Debug|Any CPU
		{ABCB7C7E-4BD3-4B8B-9EEF-96AA19BF3143}.Release|Any CPU.ActiveCfg = Release|Any CPU
		{ABCB7C7E-4BD3-4B8B-9EEF-96AA19BF3143}.Release|Any CPU.Build.0 = Release|Any CPU
		{6BFAD981-D17F-4577-A297-6A245268FBFA}.Debug|Any CPU.ActiveCfg = Debug|Any CPU
		{6BFAD981-D17F-4577-A297-6A245268FBFA}.Debug|Any CPU.Build.0 = Debug|Any CPU
		{6BFAD981-D17F-4577-A297-6A245268FBFA}.Release|Any CPU.ActiveCfg = Release|Any CPU
		{6BFAD981-D17F-4577-A297-6A245268FBFA}.Release|Any CPU.Build.0 = Release|Any CPU
	EndGlobalSection
	GlobalSection(SolutionProperties) = preSolution
		HideSolutionNode = FALSE
	EndGlobalSection
	GlobalSection(ExtensibilityGlobals) = postSolution
		SolutionGuid = {C107319D-2912-4318-BDBE-176C8A6A76AA}
	EndGlobalSection
EndGlobal
