
Microsoft Visual Studio Solution File, Format Version 12.00
# Visual Studio 15
VisualStudioVersion = 15.0.28307.136
MinimumVisualStudioVersion = 10.0.40219.1
Project("{FAE04EC0-301F-11D3-BF4B-00C04F79EFBC}") = "CollectionClassSol", "CollectionClassSol\CollectionClassSol.csproj", "{18E7AA7B-36C7-4C13-810E-5ADB9F5C8EFD}"
EndProject
Global
	GlobalSection(SolutionConfigurationPlatforms) = preSolution
		Debug|Any CPU = Debug|Any CPU
		Release|Any CPU = Release|Any CPU
	EndGlobalSection
	GlobalSection(ProjectConfigurationPlatforms) = postSolution
		{18E7AA7B-36C7-4C13-810E-5ADB9F5C8EFD}.Debug|Any CPU.ActiveCfg = Debug|Any CPU
		{18E7AA7B-36C7-4C13-810E-5ADB9F5C8EFD}.Debug|Any CPU.Build.0 = Debug|Any CPU
		{18E7AA7B-36C7-4C13-810E-5ADB9F5C8EFD}.Release|Any CPU.ActiveCfg = Release|Any CPU
		{18E7AA7B-36C7-4C13-810E-5ADB9F5C8EFD}.Release|Any CPU.Build.0 = Release|Any CPU
	EndGlobalSection
	GlobalSection(SolutionProperties) = preSolution
		HideSolutionNode = FALSE
	EndGlobalSection
	GlobalSection(ExtensibilityGlobals) = postSolution
		SolutionGuid = {B9666659-CEE8-4829-87E2-842EA67468A0}
	EndGlobalSection
EndGlobal
